
Microsoft Visual Studio Solution File, Format Version 12.00
# Visual Studio Version 17
VisualStudioVersion = 17.7.34003.232
MinimumVisualStudioVersion = 10.0.40219.1
Project("{FAE04EC0-301F-11D3-BF4B-00C04F79EFBC}") = "BuberDinner.Api", "BuberDinner.Api\BuberDinner.Api.csproj", "{26DC59B3-BCBA-4229-A78D-C65F8A91AC00}"
EndProject
Project("{FAE04EC0-301F-11D3-BF4B-00C04F79EFBC}") = "BuberDinner.Contracts", "BuberDinner.Contracts\BuberDinner.Contracts.csproj", "{F2B5C4CC-7CEC-4F98-8605-ECBB6AF7AD77}"
EndProject
Project("{FAE04EC0-301F-11D3-BF4B-00C04F79EFBC}") = "BuberDinner.Infrastructure", "BuberDinner.Infrastructure\BuberDinner.Infrastructure.csproj", "{A811EB3B-3C0A-4824-A90B-F2263BB3DE27}"
EndProject
Project("{FAE04EC0-301F-11D3-BF4B-00C04F79EFBC}") = "BuberDinner.Application", "BuberDinner.Application\BuberDinner.Application.csproj", "{E45EA176-234E-43FF-B90F-15208BC3C169}"
EndProject
Project("{FAE04EC0-301F-11D3-BF4B-00C04F79EFBC}") = "BuberDinner.Domain", "BuberDinner.Domain\BuberDinner.Domain.csproj", "{55BFCB04-53AA-4F6C-A4C6-38FCFD977289}"
EndProject
Project("{2150E333-8FDC-42A3-9474-1A3956D46DE8}") = "Solution Items", "Solution Items", "{85BDD0B6-2B33-4E44-89AF-69EEDDF7865B}"
	ProjectSection(SolutionItems) = preProject
		ReadMe.md = ReadMe.md
	EndProjectSection
EndProject
Global
	GlobalSection(SolutionConfigurationPlatforms) = preSolution
		Debug|Any CPU = Debug|Any CPU
		Release|Any CPU = Release|Any CPU
	EndGlobalSection
	GlobalSection(ProjectConfigurationPlatforms) = postSolution
		{26DC59B3-BCBA-4229-A78D-C65F8A91AC00}.Debug|Any CPU.ActiveCfg = Debug|Any CPU
		{26DC59B3-BCBA-4229-A78D-C65F8A91AC00}.Debug|Any CPU.Build.0 = Debug|Any CPU
		{26DC59B3-BCBA-4229-A78D-C65F8A91AC00}.Release|Any CPU.ActiveCfg = Release|Any CPU
		{26DC59B3-BCBA-4229-A78D-C65F8A91AC00}.Release|Any CPU.Build.0 = Release|Any CPU
		{F2B5C4CC-7CEC-4F98-8605-ECBB6AF7AD77}.Debug|Any CPU.ActiveCfg = Debug|Any CPU
		{F2B5C4CC-7CEC-4F98-8605-ECBB6AF7AD77}.Debug|Any CPU.Build.0 = Debug|Any CPU
		{F2B5C4CC-7CEC-4F98-8605-ECBB6AF7AD77}.Release|Any CPU.ActiveCfg = Release|Any CPU
		{F2B5C4CC-7CEC-4F98-8605-ECBB6AF7AD77}.Release|Any CPU.Build.0 = Release|Any CPU
		{A811EB3B-3C0A-4824-A90B-F2263BB3DE27}.Debug|Any CPU.ActiveCfg = Debug|Any CPU
		{A811EB3B-3C0A-4824-A90B-F2263BB3DE27}.Debug|Any CPU.Build.0 = Debug|Any CPU
		{A811EB3B-3C0A-4824-A90B-F2263BB3DE27}.Release|Any CPU.ActiveCfg = Release|Any CPU
		{A811EB3B-3C0A-4824-A90B-F2263BB3DE27}.Release|Any CPU.Build.0 = Release|Any CPU
		{E45EA176-234E-43FF-B90F-15208BC3C169}.Debug|Any CPU.ActiveCfg = Debug|Any CPU
		{E45EA176-234E-43FF-B90F-15208BC3C169}.Debug|Any CPU.Build.0 = Debug|Any CPU
		{E45EA176-234E-43FF-B90F-15208BC3C169}.Release|Any CPU.ActiveCfg = Release|Any CPU
		{E45EA176-234E-43FF-B90F-15208BC3C169}.Release|Any CPU.Build.0 = Release|Any CPU
		{55BFCB04-53AA-4F6C-A4C6-38FCFD977289}.Debug|Any CPU.ActiveCfg = Debug|Any CPU
		{55BFCB04-53AA-4F6C-A4C6-38FCFD977289}.Debug|Any CPU.Build.0 = Debug|Any CPU
		{55BFCB04-53AA-4F6C-A4C6-38FCFD977289}.Release|Any CPU.ActiveCfg = Release|Any CPU
		{55BFCB04-53AA-4F6C-A4C6-38FCFD977289}.Release|Any CPU.Build.0 = Release|Any CPU
	EndGlobalSection
	GlobalSection(SolutionProperties) = preSolution
		HideSolutionNode = FALSE
	EndGlobalSection
	GlobalSection(ExtensibilityGlobals) = postSolution
		SolutionGuid = {7F232750-3D05-444D-ACBE-B52740CBA5F3}
	EndGlobalSection
EndGlobal
